
Microsoft Visual Studio Solution File, Format Version 12.00
# Visual Studio Version 17
VisualStudioVersion = 17.12.35527.113
MinimumVisualStudioVersion = 10.0.40219.1
Project("{FAE04EC0-301F-11D3-BF4B-00C04F79EFBC}") = "BookPurchase.Web", "BookPurchase.Web\BookPurchase.Web.csproj", "{397C61B0-C55C-4609-932C-46D58D7867E4}"
EndProject
Project("{FAE04EC0-301F-11D3-BF4B-00C04F79EFBC}") = "Inventory.Api", "Inventory.Api\Inventory.Api.csproj", "{90483CBE-1218-4C46-8E18-C7F06946932E}"
EndProject
Project("{FAE04EC0-301F-11D3-BF4B-00C04F79EFBC}") = "Payment.Api", "Payment.Api\Payment.Api.csproj", "{79069757-AFD7-4E72-9DB2-6D70905CF330}"
EndProject
Project("{FAE04EC0-301F-11D3-BF4B-00C04F79EFBC}") = "Shipping.Api", "Shipping.Api\Shipping.Api.csproj", "{C46C32C8-729A-4335-96C3-A92EF2AEB276}"
EndProject
Project("{FAE04EC0-301F-11D3-BF4B-00C04F79EFBC}") = "Order.Api", "Order.Api\Order.Api.csproj", "{55B8F817-286B-4B30-BF47-977E39FDA7F2}"
EndProject
Project("{FAE04EC0-301F-11D3-BF4B-00C04F79EFBC}") = "AppHost", "AppHost\AppHost.csproj", "{FB23A56E-00E3-44A1-BBF5-4790840600A4}"
EndProject
Project("{FAE04EC0-301F-11D3-BF4B-00C04F79EFBC}") = "Catalog.Api", "Catalog.Api\Catalog.Api.csproj", "{A8E7A52A-05B9-40CA-AE69-2961FF5B2DD8}"
EndProject
Project("{2150E333-8FDC-42A3-9474-1A3956D46DE8}") = "Catalog", "Catalog", "{1C4723E0-C8E7-4BDA-B363-6D9DA053FF76}"
EndProject
Project("{FAE04EC0-301F-11D3-BF4B-00C04F79EFBC}") = "Catalog.Api.UnitTests", "..\..\tests\Catalog.Api.UnitTests\Catalog.Api.UnitTests.csproj", "{77291C5F-BE04-40E6-B04B-40AAE00FE9E3}"
EndProject
Global
	GlobalSection(SolutionConfigurationPlatforms) = preSolution
		Debug|Any CPU = Debug|Any CPU
		Release|Any CPU = Release|Any CPU
	EndGlobalSection
	GlobalSection(ProjectConfigurationPlatforms) = postSolution
		{397C61B0-C55C-4609-932C-46D58D7867E4}.Debug|Any CPU.ActiveCfg = Debug|Any CPU
		{397C61B0-C55C-4609-932C-46D58D7867E4}.Debug|Any CPU.Build.0 = Debug|Any CPU
		{397C61B0-C55C-4609-932C-46D58D7867E4}.Release|Any CPU.ActiveCfg = Release|Any CPU
		{397C61B0-C55C-4609-932C-46D58D7867E4}.Release|Any CPU.Build.0 = Release|Any CPU
		{90483CBE-1218-4C46-8E18-C7F06946932E}.Debug|Any CPU.ActiveCfg = Debug|Any CPU
		{90483CBE-1218-4C46-8E18-C7F06946932E}.Debug|Any CPU.Build.0 = Debug|Any CPU
		{90483CBE-1218-4C46-8E18-C7F06946932E}.Release|Any CPU.ActiveCfg = Release|Any CPU
		{90483CBE-1218-4C46-8E18-C7F06946932E}.Release|Any CPU.Build.0 = Release|Any CPU
		{79069757-AFD7-4E72-9DB2-6D70905CF330}.Debug|Any CPU.ActiveCfg = Debug|Any CPU
		{79069757-AFD7-4E72-9DB2-6D70905CF330}.Debug|Any CPU.Build.0 = Debug|Any CPU
		{79069757-AFD7-4E72-9DB2-6D70905CF330}.Release|Any CPU.ActiveCfg = Release|Any CPU
		{79069757-AFD7-4E72-9DB2-6D70905CF330}.Release|Any CPU.Build.0 = Release|Any CPU
		{C46C32C8-729A-4335-96C3-A92EF2AEB276}.Debug|Any CPU.ActiveCfg = Debug|Any CPU
		{C46C32C8-729A-4335-96C3-A92EF2AEB276}.Debug|Any CPU.Build.0 = Debug|Any CPU
		{C46C32C8-729A-4335-96C3-A92EF2AEB276}.Release|Any CPU.ActiveCfg = Release|Any CPU
		{C46C32C8-729A-4335-96C3-A92EF2AEB276}.Release|Any CPU.Build.0 = Release|Any CPU
		{55B8F817-286B-4B30-BF47-977E39FDA7F2}.Debug|Any CPU.ActiveCfg = Debug|Any CPU
		{55B8F817-286B-4B30-BF47-977E39FDA7F2}.Debug|Any CPU.Build.0 = Debug|Any CPU
		{55B8F817-286B-4B30-BF47-977E39FDA7F2}.Release|Any CPU.ActiveCfg = Release|Any CPU
		{55B8F817-286B-4B30-BF47-977E39FDA7F2}.Release|Any CPU.Build.0 = Release|Any CPU
		{FB23A56E-00E3-44A1-BBF5-4790840600A4}.Debug|Any CPU.ActiveCfg = Debug|Any CPU
		{FB23A56E-00E3-44A1-BBF5-4790840600A4}.Debug|Any CPU.Build.0 = Debug|Any CPU
		{FB23A56E-00E3-44A1-BBF5-4790840600A4}.Release|Any CPU.ActiveCfg = Release|Any CPU
		{FB23A56E-00E3-44A1-BBF5-4790840600A4}.Release|Any CPU.Build.0 = Release|Any CPU
		{A8E7A52A-05B9-40CA-AE69-2961FF5B2DD8}.Debug|Any CPU.ActiveCfg = Debug|Any CPU
		{A8E7A52A-05B9-40CA-AE69-2961FF5B2DD8}.Debug|Any CPU.Build.0 = Debug|Any CPU
		{A8E7A52A-05B9-40CA-AE69-2961FF5B2DD8}.Release|Any CPU.ActiveCfg = Release|Any CPU
		{A8E7A52A-05B9-40CA-AE69-2961FF5B2DD8}.Release|Any CPU.Build.0 = Release|Any CPU
		{77291C5F-BE04-40E6-B04B-40AAE00FE9E3}.Debug|Any CPU.ActiveCfg = Debug|Any CPU
		{77291C5F-BE04-40E6-B04B-40AAE00FE9E3}.Debug|Any CPU.Build.0 = Debug|Any CPU
		{77291C5F-BE04-40E6-B04B-40AAE00FE9E3}.Release|Any CPU.ActiveCfg = Release|Any CPU
		{77291C5F-BE04-40E6-B04B-40AAE00FE9E3}.Release|Any CPU.Build.0 = Release|Any CPU
	EndGlobalSection
	GlobalSection(SolutionProperties) = preSolution
		HideSolutionNode = FALSE
	EndGlobalSection
	GlobalSection(NestedProjects) = preSolution
		{A8E7A52A-05B9-40CA-AE69-2961FF5B2DD8} = {1C4723E0-C8E7-4BDA-B363-6D9DA053FF76}
		{77291C5F-BE04-40E6-B04B-40AAE00FE9E3} = {1C4723E0-C8E7-4BDA-B363-6D9DA053FF76}
	EndGlobalSection
EndGlobal
